
Microsoft Visual Studio Solution File, Format Version 12.00
# Visual Studio 15
VisualStudioVersion = 15.0.27130.2036
MinimumVisualStudioVersion = 10.0.40219.1
Project("{FAE04EC0-301F-11D3-BF4B-00C04F79EFBC}") = "AnimalArmourFix", "AnimalArmourFix\AnimalArmourFix.csproj", "{B467197B-20F9-4173-8ABF-2DF4AE136D11}"
EndProject
Global
	GlobalSection(SolutionConfigurationPlatforms) = preSolution
		Debug|Any CPU = Debug|Any CPU
		Release|Any CPU = Release|Any CPU
	EndGlobalSection
	GlobalSection(ProjectConfigurationPlatforms) = postSolution
		{B467197B-20F9-4173-8ABF-2DF4AE136D11}.Debug|Any CPU.ActiveCfg = Debug|Any CPU
		{B467197B-20F9-4173-8ABF-2DF4AE136D11}.Debug|Any CPU.Build.0 = Debug|Any CPU
		{B467197B-20F9-4173-8ABF-2DF4AE136D11}.Release|Any CPU.ActiveCfg = Release|Any CPU
		{B467197B-20F9-4173-8ABF-2DF4AE136D11}.Release|Any CPU.Build.0 = Release|Any CPU
	EndGlobalSection
	GlobalSection(SolutionProperties) = preSolution
		HideSolutionNode = FALSE
	EndGlobalSection
	GlobalSection(ExtensibilityGlobals) = postSolution
		SolutionGuid = {6356F3A8-20C6-4DD7-A05E-7F838062B8E2}
	EndGlobalSection
EndGlobal
